
Microsoft Visual Studio Solution File, Format Version 12.00
# Visual Studio Version 17
VisualStudioVersion = 17.14.36221.1 d17.14
MinimumVisualStudioVersion = 10.0.40219.1
Project("{FAE04EC0-301F-11D3-BF4B-00C04F79EFBC}") = "VoaDownloaderWpf", "VoaDownloaderWpf.csproj", "{90D6564F-3747-49D8-89FF-40CE5CE06005}"
EndProject
Global
	GlobalSection(SolutionConfigurationPlatforms) = preSolution
		Debug|Any CPU = Debug|Any CPU
		Release|Any CPU = Release|Any CPU
	EndGlobalSection
	GlobalSection(ProjectConfigurationPlatforms) = postSolution
		{90D6564F-3747-49D8-89FF-40CE5CE06005}.Debug|Any CPU.ActiveCfg = Debug|Any CPU
		{90D6564F-3747-49D8-89FF-40CE5CE06005}.Debug|Any CPU.Build.0 = Debug|Any CPU
		{90D6564F-3747-49D8-89FF-40CE5CE06005}.Release|Any CPU.ActiveCfg = Release|Any CPU
		{90D6564F-3747-49D8-89FF-40CE5CE06005}.Release|Any CPU.Build.0 = Release|Any CPU
	EndGlobalSection
	GlobalSection(SolutionProperties) = preSolution
		HideSolutionNode = FALSE
	EndGlobalSection
	GlobalSection(ExtensibilityGlobals) = postSolution
		SolutionGuid = {665D9678-1DCE-4A44-A096-D991881DDBF9}
	EndGlobalSection
EndGlobal
