
Microsoft Visual Studio Solution File, Format Version 12.00
# Visual Studio Version 17
VisualStudioVersion = 17.14.36221.1 d17.14
MinimumVisualStudioVersion = 10.0.40219.1
Project("{FAE04EC0-301F-11D3-BF4B-00C04F79EFBC}") = "MySimpleWpfDemo", "MySimpleWpfDemo.csproj", "{784F92E1-0DA0-4075-A2A8-EEB2576ABE52}"
EndProject
Global
	GlobalSection(SolutionConfigurationPlatforms) = preSolution
		Debug|Any CPU = Debug|Any CPU
		Release|Any CPU = Release|Any CPU
	EndGlobalSection
	GlobalSection(ProjectConfigurationPlatforms) = postSolution
		{784F92E1-0DA0-4075-A2A8-EEB2576ABE52}.Debug|Any CPU.ActiveCfg = Debug|Any CPU
		{784F92E1-0DA0-4075-A2A8-EEB2576ABE52}.Debug|Any CPU.Build.0 = Debug|Any CPU
		{784F92E1-0DA0-4075-A2A8-EEB2576ABE52}.Release|Any CPU.ActiveCfg = Release|Any CPU
		{784F92E1-0DA0-4075-A2A8-EEB2576ABE52}.Release|Any CPU.Build.0 = Release|Any CPU
	EndGlobalSection
	GlobalSection(SolutionProperties) = preSolution
		HideSolutionNode = FALSE
	EndGlobalSection
	GlobalSection(ExtensibilityGlobals) = postSolution
		SolutionGuid = {E5149769-BF7D-43CD-8FFB-171F27DDAD49}
	EndGlobalSection
EndGlobal
