
Microsoft Visual Studio Solution File, Format Version 12.00
# Visual Studio Version 17
VisualStudioVersion = 17.14.36221.1 d17.14
MinimumVisualStudioVersion = 10.0.40219.1
Project("{FAE04EC0-301F-11D3-BF4B-00C04F79EFBC}") = "VoaDownloader", "VoaDownloader.csproj", "{00A68D18-5AA1-4B5E-A221-C59D7578D25F}"
EndProject
Global
	GlobalSection(SolutionConfigurationPlatforms) = preSolution
		Debug|Any CPU = Debug|Any CPU
		Release|Any CPU = Release|Any CPU
	EndGlobalSection
	GlobalSection(ProjectConfigurationPlatforms) = postSolution
		{00A68D18-5AA1-4B5E-A221-C59D7578D25F}.Debug|Any CPU.ActiveCfg = Debug|Any CPU
		{00A68D18-5AA1-4B5E-A221-C59D7578D25F}.Debug|Any CPU.Build.0 = Debug|Any CPU
		{00A68D18-5AA1-4B5E-A221-C59D7578D25F}.Release|Any CPU.ActiveCfg = Release|Any CPU
		{00A68D18-5AA1-4B5E-A221-C59D7578D25F}.Release|Any CPU.Build.0 = Release|Any CPU
	EndGlobalSection
	GlobalSection(SolutionProperties) = preSolution
		HideSolutionNode = FALSE
	EndGlobalSection
	GlobalSection(ExtensibilityGlobals) = postSolution
		SolutionGuid = {3778F17B-1148-40BD-A9FF-51B34218C470}
	EndGlobalSection
EndGlobal
