
Microsoft Visual Studio Solution File, Format Version 12.00
# Visual Studio Version 17
VisualStudioVersion = 17.14.36221.1 d17.14
MinimumVisualStudioVersion = 10.0.40219.1
Project("{FAE04EC0-301F-11D3-BF4B-00C04F79EFBC}") = "NameRecognizerApp", "NameRecognizerApp.csproj", "{15D4F36B-2B6E-43DB-8477-02F817E7BC7D}"
EndProject
Global
	GlobalSection(SolutionConfigurationPlatforms) = preSolution
		Debug|Any CPU = Debug|Any CPU
		Release|Any CPU = Release|Any CPU
	EndGlobalSection
	GlobalSection(ProjectConfigurationPlatforms) = postSolution
		{15D4F36B-2B6E-43DB-8477-02F817E7BC7D}.Debug|Any CPU.ActiveCfg = Debug|Any CPU
		{15D4F36B-2B6E-43DB-8477-02F817E7BC7D}.Debug|Any CPU.Build.0 = Debug|Any CPU
		{15D4F36B-2B6E-43DB-8477-02F817E7BC7D}.Release|Any CPU.ActiveCfg = Release|Any CPU
		{15D4F36B-2B6E-43DB-8477-02F817E7BC7D}.Release|Any CPU.Build.0 = Release|Any CPU
	EndGlobalSection
	GlobalSection(SolutionProperties) = preSolution
		HideSolutionNode = FALSE
	EndGlobalSection
	GlobalSection(ExtensibilityGlobals) = postSolution
		SolutionGuid = {1F606CBE-13B1-42E9-AB1A-9F8634CF41C6}
	EndGlobalSection
EndGlobal
